<Solution>
  <Folder Name="/src/">
    <Project Path="src/FlashFlights.Catalog/FlashFlights.Catalog.csproj" />
    <Project Path="src/FlashFlights.Contracts/FlashFlights.Contracts.csproj" />
    <Project Path="src/FlashFlights.Gateway/FlashFlights.Gateway.csproj" />
    <Project Path="src/FlashFlights.Notifications/FlashFlights.Notifications.csproj" />
    <Project Path="src/FlashFlights.Ordering/FlashFlights.Ordering.csproj" />
    <Project Path="src/FlashFlights.ServiceDefaults/FlashFlights.ServiceDefaults.csproj" />
  </Folder>
  <Folder Name="/tests/">
    <Project Path="tests/FlashFlights.Catalog.Tests/FlashFlights.Catalog.Tests.csproj" />
    <Project Path="tests/FlashFlights.Gateway.Tests/FlashFlights.Gateway.Tests.csproj" />
    <Project Path="tests/FlashFlights.Notifications.Tests/FlashFlights.Notifications.Tests.csproj" />
    <Project Path="tests/FlashFlights.Ordering.Tests/FlashFlights.Ordering.Tests.csproj" />
  </Folder>
</Solution>
